
Microsoft Visual Studio Solution File, Format Version 12.00
# Visual Studio Version 17
VisualStudioVersion = 17.0.31903.59
MinimumVisualStudioVersion = 10.0.40219.1
Project("{2150E333-8FDC-42A3-9474-1A3956D46DE8}") = "backend", "backend", "{CE54298A-8448-4003-BC4B-340FFFA7E3A2}"
EndProject
Project("{FAE04EC0-301F-11D3-BF4B-00C04F79EFBC}") = "ShiftPortal.Api", "backend\ShiftPortal.Api\ShiftPortal.Api.csproj", "{75EC0EE7-A5E0-4B7A-BDB8-F7102DC15FAC}"
EndProject
Project("{FAE04EC0-301F-11D3-BF4B-00C04F79EFBC}") = "ShiftPortal.Api.Tests", "backend\ShiftPortal.Api.Tests\ShiftPortal.Api.Tests.csproj", "{ECC123DA-2C06-44D3-9F1F-287C399AC850}"
EndProject
Global
	GlobalSection(SolutionConfigurationPlatforms) = preSolution
		Debug|Any CPU = Debug|Any CPU
		Release|Any CPU = Release|Any CPU
	EndGlobalSection
	GlobalSection(SolutionProperties) = preSolution
		HideSolutionNode = FALSE
	EndGlobalSection
	GlobalSection(ProjectConfigurationPlatforms) = postSolution
		{75EC0EE7-A5E0-4B7A-BDB8-F7102DC15FAC}.Debug|Any CPU.ActiveCfg = Debug|Any CPU
		{75EC0EE7-A5E0-4B7A-BDB8-F7102DC15FAC}.Debug|Any CPU.Build.0 = Debug|Any CPU
		{75EC0EE7-A5E0-4B7A-BDB8-F7102DC15FAC}.Release|Any CPU.ActiveCfg = Release|Any CPU
		{75EC0EE7-A5E0-4B7A-BDB8-F7102DC15FAC}.Release|Any CPU.Build.0 = Release|Any CPU
		{ECC123DA-2C06-44D3-9F1F-287C399AC850}.Debug|Any CPU.ActiveCfg = Debug|Any CPU
		{ECC123DA-2C06-44D3-9F1F-287C399AC850}.Debug|Any CPU.Build.0 = Debug|Any CPU
		{ECC123DA-2C06-44D3-9F1F-287C399AC850}.Release|Any CPU.ActiveCfg = Release|Any CPU
		{ECC123DA-2C06-44D3-9F1F-287C399AC850}.Release|Any CPU.Build.0 = Release|Any CPU
	EndGlobalSection
	GlobalSection(NestedProjects) = preSolution
		{75EC0EE7-A5E0-4B7A-BDB8-F7102DC15FAC} = {CE54298A-8448-4003-BC4B-340FFFA7E3A2}
		{ECC123DA-2C06-44D3-9F1F-287C399AC850} = {CE54298A-8448-4003-BC4B-340FFFA7E3A2}
	EndGlobalSection
EndGlobal
